
Microsoft Visual Studio Solution File, Format Version 12.00
# Visual Studio 15
Project("{FAE04EC0-301F-11D3-BF4B-00C04F79EFBC}") = "Assembly-CSharp", "Assembly-CSharp.csproj", "{FE1C004F-EE45-807C-02F5-02FACFC710FB}"
EndProject
Project("{FAE04EC0-301F-11D3-BF4B-00C04F79EFBC}") = "Assembly-CSharp-Editor", "Assembly-CSharp-Editor.csproj", "{8A46D8FB-3A5C-FCFA-9CE0-CE74F3C979C1}"
EndProject
Global
	GlobalSection(SolutionConfigurationPlatforms) = preSolution
		Debug|Any CPU = Debug|Any CPU
		Release|Any CPU = Release|Any CPU
	EndGlobalSection
	GlobalSection(ProjectConfigurationPlatforms) = postSolution
		{FE1C004F-EE45-807C-02F5-02FACFC710FB}.Debug|Any CPU.ActiveCfg = Debug|Any CPU
		{FE1C004F-EE45-807C-02F5-02FACFC710FB}.Debug|Any CPU.Build.0 = Debug|Any CPU
		{FE1C004F-EE45-807C-02F5-02FACFC710FB}.Release|Any CPU.ActiveCfg = Release|Any CPU
		{FE1C004F-EE45-807C-02F5-02FACFC710FB}.Release|Any CPU.Build.0 = Release|Any CPU
		{8A46D8FB-3A5C-FCFA-9CE0-CE74F3C979C1}.Debug|Any CPU.ActiveCfg = Debug|Any CPU
		{8A46D8FB-3A5C-FCFA-9CE0-CE74F3C979C1}.Debug|Any CPU.Build.0 = Debug|Any CPU
		{8A46D8FB-3A5C-FCFA-9CE0-CE74F3C979C1}.Release|Any CPU.ActiveCfg = Release|Any CPU
		{8A46D8FB-3A5C-FCFA-9CE0-CE74F3C979C1}.Release|Any CPU.Build.0 = Release|Any CPU
	EndGlobalSection
	GlobalSection(SolutionProperties) = preSolution
		HideSolutionNode = FALSE
	EndGlobalSection
EndGlobal
